
Microsoft Visual Studio Solution File, Format Version 12.00
# Visual Studio 15
VisualStudioVersion = 15.0.27428.2015
MinimumVisualStudioVersion = 10.0.40219.1
Project("{8BC9CEB8-8B4A-11D0-8D11-00A0C91BC942}") = "DX12", "DX12\DX12.vcxproj", "{AE3FAF39-72B0-40B2-96FB-A2BE72D8272E}"
EndProject
Global
	GlobalSection(SolutionConfigurationPlatforms) = preSolution
		Debug|x64 = Debug|x64
		Debug|x86 = Debug|x86
		Release|x64 = Release|x64
		Release|x86 = Release|x86
	EndGlobalSection
	GlobalSection(ProjectConfigurationPlatforms) = postSolution
		{AE3FAF39-72B0-40B2-96FB-A2BE72D8272E}.Debug|x64.ActiveCfg = Debug|x64
		{AE3FAF39-72B0-40B2-96FB-A2BE72D8272E}.Debug|x64.Build.0 = Debug|x64
		{AE3FAF39-72B0-40B2-96FB-A2BE72D8272E}.Debug|x86.ActiveCfg = Debug|Win32
		{AE3FAF39-72B0-40B2-96FB-A2BE72D8272E}.Debug|x86.Build.0 = Debug|Win32
		{AE3FAF39-72B0-40B2-96FB-A2BE72D8272E}.Release|x64.ActiveCfg = Release|x64
		{AE3FAF39-72B0-40B2-96FB-A2BE72D8272E}.Release|x64.Build.0 = Release|x64
		{AE3FAF39-72B0-40B2-96FB-A2BE72D8272E}.Release|x86.ActiveCfg = Release|Win32
		{AE3FAF39-72B0-40B2-96FB-A2BE72D8272E}.Release|x86.Build.0 = Release|Win32
	EndGlobalSection
	GlobalSection(SolutionProperties) = preSolution
		HideSolutionNode = FALSE
	EndGlobalSection
	GlobalSection(ExtensibilityGlobals) = postSolution
		SolutionGuid = {A0A174C3-2979-43A6-ADEB-FC586637B515}
	EndGlobalSection
EndGlobal
